// !$*UTF8*$!
{
	archiveVersion = 1;
	classes = {
	};
	objectVersion = 51;
	objects = {

/* Begin PBXBuildFile section */
		F2344918C4B8AB45D5CC9181 /* Pods_LoginTesting.framework in Frameworks */ = {isa = PBXBuildFile; fileRef = F42940331F31C158E31A7737 /* Pods_LoginTesting.framework */; };
		FCFADB15238C4AF0009F5FC8 /* AppDelegate.swift in Sources */ = {isa = PBXBuildFile; fileRef = FCFADB14238C4AF0009F5FC8 /* AppDelegate.swift */; };
		FCFADB17238C4AF0009F5FC8 /* SceneDelegate.swift in Sources */ = {isa = PBXBuildFile; fileRef = FCFADB16238C4AF0009F5FC8 /* SceneDelegate.swift */; };
		FCFADB19238C4AF0009F5FC8 /* ViewController.swift in Sources */ = {isa = PBXBuildFile; fileRef = FCFADB18238C4AF0009F5FC8 /* ViewController.swift */; };
		FCFADB1C238C4AF0009F5FC8 /* Main.storyboard in Resources */ = {isa = PBXBuildFile; fileRef = FCFADB1A238C4AF0009F5FC8 /* Main.storyboard */; };
		FCFADB1E238C4AFA009F5FC8 /* Assets.xcassets in Resources */ = {isa = PBXBuildFile; fileRef = FCFADB1D238C4AFA009F5FC8 /* Assets.xcassets */; };
		FCFADB21238C4AFA009F5FC8 /* LaunchScreen.storyboard in Resources */ = {isa = PBXBuildFile; fileRef = FCFADB1F238C4AFA009F5FC8 /* LaunchScreen.storyboard */; };
		FCFADB29238C6745009F5FC8 /* MainViewController.swift in Sources */ = {isa = PBXBuildFile; fileRef = FCFADB28238C6745009F5FC8 /* MainViewController.swift */; };
/* End PBXBuildFile section */

/* Begin PBXFileReference section */
		991B05D06743A0B92AEA6FD9 /* Pods-LoginTesting.debug.xcconfig */ = {isa = PBXFileReference; includeInIndex = 1; lastKnownFileType = text.xcconfig; name = "Pods-LoginTesting.debug.xcconfig"; path = "Target Support Files/Pods-LoginTesting/Pods-LoginTesting.debug.xcconfig"; sourceTree = "<group>"; };
		F42940331F31C158E31A7737 /* Pods_LoginTesting.framework */ = {isa = PBXFileReference; explicitFileType = wrapper.framework; includeInIndex = 0; path = Pods_LoginTesting.framework; sourceTree = BUILT_PRODUCTS_DIR; };
		F803441E1ADAF72BE19B40C9 /* Pods-LoginTesting.release.xcconfig */ = {isa = PBXFileReference; includeInIndex = 1; lastKnownFileType = text.xcconfig; name = "Pods-LoginTesting.release.xcconfig"; path = "Target Support Files/Pods-LoginTesting/Pods-LoginTesting.release.xcconfig"; sourceTree = "<group>"; };
		FCFADB11238C4AF0009F5FC8 /* LoginTesting.app */ = {isa = PBXFileReference; explicitFileType = wrapper.application; includeInIndex = 0; path = LoginTesting.app; sourceTree = BUILT_PRODUCTS_DIR; };
		FCFADB14238C4AF0009F5FC8 /* AppDelegate.swift */ = {isa = PBXFileReference; lastKnownFileType = sourcecode.swift; path = AppDelegate.swift; sourceTree = "<group>"; };
		FCFADB16238C4AF0009F5FC8 /* SceneDelegate.swift */ = {isa = PBXFileReference; lastKnownFileType = sourcecode.swift; path = SceneDelegate.swift; sourceTree = "<group>"; };
		FCFADB18238C4AF0009F5FC8 /* ViewController.swift */ = {isa = PBXFileReference; lastKnownFileType = sourcecode.swift; path = ViewController.swift; sourceTree = "<group>"; };
		FCFADB1B238C4AF0009F5FC8 /* Base */ = {isa = PBXFileReference; lastKnownFileType = file.storyboard; name = Base; path = Base.lproj/Main.storyboard; sourceTree = "<group>"; };
		FCFADB1D238C4AFA009F5FC8 /* Assets.xcassets */ = {isa = PBXFileReference; lastKnownFileType = folder.assetcatalog; path = Assets.xcassets; sourceTree = "<group>"; };
		FCFADB20238C4AFA009F5FC8 /* Base */ = {isa = PBXFileReference; lastKnownFileType = file.storyboard; name = Base; path = Base.lproj/LaunchScreen.storyboard; sourceTree = "<group>"; };
		FCFADB22238C4AFA009F5FC8 /* Info.plist */ = {isa = PBXFileReference; lastKnownFileType = text.plist.xml; path = Info.plist; sourceTree = "<group>"; };
		FCFADB28238C6745009F5FC8 /* MainViewController.swift */ = {isa = PBXFileReference; lastKnownFileType = sourcecode.swift; path = MainViewController.swift; sourceTree = "<group>"; };
/* End PBXFileReference section */

/* Begin PBXFrameworksBuildPhase section */
		FCFADB0E238C4AF0009F5FC8 /* Frameworks */ = {
			isa = PBXFrameworksBuildPhase;
			buildActionMask = 2147483647;
			files = (
				F2344918C4B8AB45D5CC9181 /* Pods_LoginTesting.framework in Frameworks */,
			);
			runOnlyForDeploymentPostprocessing = 0;
		};
/* End PBXFrameworksBuildPhase section */

/* Begin PBXGroup section */
		6421F84E52CE8067227B4A54 /* Frameworks */ = {
			isa = PBXGroup;
			children = (
				F42940331F31C158E31A7737 /* Pods_LoginTesting.framework */,
			);
			name = Frameworks;
			sourceTree = "<group>";
		};
		AAF541DD312A11495D2866F1 /* Pods */ = {
			isa = PBXGroup;
			children = (
				991B05D06743A0B92AEA6FD9 /* Pods-LoginTesting.debug.xcconfig */,
				F803441E1ADAF72BE19B40C9 /* Pods-LoginTesting.release.xcconfig */,
			);
			path = Pods;
			sourceTree = "<group>";
		};
		FCFADB08238C4AF0009F5FC8 = {
			isa = PBXGroup;
			children = (
				FCFADB13238C4AF0009F5FC8 /* LoginTesting */,
				FCFADB12238C4AF0009F5FC8 /* Products */,
				AAF541DD312A11495D2866F1 /* Pods */,
				6421F84E52CE8067227B4A54 /* Frameworks */,
			);
			sourceTree = "<group>";
		};
		FCFADB12238C4AF0009F5FC8 /* Products */ = {
			isa = PBXGroup;
			children = (
				FCFADB11238C4AF0009F5FC8 /* LoginTesting.app */,
			);
			name = Products;
			sourceTree = "<group>";
		};
		FCFADB13238C4AF0009F5FC8 /* LoginTesting */ = {
			isa = PBXGroup;
			children = (
				FCFADB14238C4AF0009F5FC8 /* AppDelegate.swift */,
				FCFADB16238C4AF0009F5FC8 /* SceneDelegate.swift */,
				FCFADB18238C4AF0009F5FC8 /* ViewController.swift */,
				FCFADB1A238C4AF0009F5FC8 /* Main.storyboard */,
				FCFADB1D238C4AFA009F5FC8 /* Assets.xcassets */,
				FCFADB1F238C4AFA009F5FC8 /* LaunchScreen.storyboard */,
				FCFADB22238C4AFA009F5FC8 /* Info.plist */,
				FCFADB28238C6745009F5FC8 /* MainViewController.swift */,
			);
			path = LoginTesting;
			sourceTree = "<group>";
		};
/* End PBXGroup section */

/* Begin PBXNativeTarget section */
		FCFADB10238C4AF0009F5FC8 /* LoginTesting */ = {
			isa = PBXNativeTarget;
			buildConfigurationList = FCFADB25238C4AFA009F5FC8 /* Build configuration list for PBXNativeTarget "LoginTesting" */;
			buildPhases = (
				C19984A44D23B64DF9BEB3DB /* [CP] Check Pods Manifest.lock */,
				FCFADB0D238C4AF0009F5FC8 /* Sources */,
				FCFADB0E238C4AF0009F5FC8 /* Frameworks */,
				FCFADB0F238C4AF0009F5FC8 /* Resources */,
				E3A75AF0C9B109E7589A6B6A /* [CP] Embed Pods Frameworks */,
			);
			buildRules = (
			);
			dependencies = (
			);
			name = LoginTesting;
			productName = LoginTesting;
			productReference = FCFADB11238C4AF0009F5FC8 /* LoginTesting.app */;
			productType = "com.apple.product-type.application";
		};
/* End PBXNativeTarget section */

/* Begin PBXProject section */
		FCFADB09238C4AF0009F5FC8 /* Project object */ = {
			isa = PBXProject;
			attributes = {
				LastSwiftUpdateCheck = 1120;
				LastUpgradeCheck = 1120;
				ORGANIZATIONNAME = "shahzeb yousaf";
				TargetAttributes = {
					FCFADB10238C4AF0009F5FC8 = {
						CreatedOnToolsVersion = 11.2;
					};
				};
			};
			buildConfigurationList = FCFADB0C238C4AF0009F5FC8 /* Build configuration list for PBXProject "LoginTesting" */;
			compatibilityVersion = "Xcode 9.3";
			developmentRegion = en;
			hasScannedForEncodings = 0;
			knownRegions = (
				en,
				Base,
			);
			mainGroup = FCFADB08238C4AF0009F5FC8;
			productRefGroup = FCFADB12238C4AF0009F5FC8 /* Products */;
			projectDirPath = "";
			projectRoot = "";
			targets = (
				FCFADB10238C4AF0009F5FC8 /* LoginTesting */,
			);
		};
/* End PBXProject section */

/* Begin PBXResourcesBuildPhase section */
		FCFADB0F238C4AF0009F5FC8 /* Resources */ = {
			isa = PBXResourcesBuildPhase;
			buildActionMask = 2147483647;
			files = (
				FCFADB21238C4AFA009F5FC8 /* LaunchScreen.storyboard in Resources */,
				FCFADB1E238C4AFA009F5FC8 /* Assets.xcassets in Resources */,
				FCFADB1C238C4AF0009F5FC8 /* Main.storyboard in Resources */,
			);
			runOnlyForDeploymentPostprocessing = 0;
		};
/* End PBXResourcesBuildPhase section */

/* Begin PBXShellScriptBuildPhase section */
		C19984A44D23B64DF9BEB3DB /* [CP] Check Pods Manifest.lock */ = {
			isa = PBXShellScriptBuildPhase;
			buildActionMask = 2147483647;
			files = (
			);
			inputFileListPaths = (
			);
			inputPaths = (
				"${PODS_PODFILE_DIR_PATH}/Podfile.lock",
				"${PODS_ROOT}/Manifest.lock",
			);
			name = "[CP] Check Pods Manifest.lock";
			outputFileListPaths = (
			);
			outputPaths = (
				"$(DERIVED_FILE_DIR)/Pods-LoginTesting-checkManifestLockResult.txt",
			);
			runOnlyForDeploymentPostprocessing = 0;
			shellPath = /bin/sh;
			shellScript = "diff \"${PODS_PODFILE_DIR_PATH}/Podfile.lock\" \"${PODS_ROOT}/Manifest.lock\" > /dev/null\nif [ $? != 0 ] ; then\n    # print error to STDERR\n    echo \"error: The sandbox is not in sync with the Podfile.lock. Run 'pod install' or update your CocoaPods installation.\" >&2\n    exit 1\nfi\n# This output is used by Xcode 'outputs' to avoid re-running this script phase.\necho \"SUCCESS\" > \"${SCRIPT_OUTPUT_FILE_0}\"\n";
			showEnvVarsInLog = 0;
		};
		E3A75AF0C9B109E7589A6B6A /* [CP] Embed Pods Frameworks */ = {
			isa = PBXShellScriptBuildPhase;
			buildActionMask = 2147483647;
			files = (
			);
			inputFileListPaths = (
				"${PODS_ROOT}/Target Support Files/Pods-LoginTesting/Pods-LoginTesting-frameworks-${CONFIGURATION}-input-files.xcfilelist",
			);
			name = "[CP] Embed Pods Frameworks";
			outputFileListPaths = (
				"${PODS_ROOT}/Target Support Files/Pods-LoginTesting/Pods-LoginTesting-frameworks-${CONFIGURATION}-output-files.xcfilelist",
			);
			runOnlyForDeploymentPostprocessing = 0;
			shellPath = /bin/sh;
			shellScript = "\"${PODS_ROOT}/Target Support Files/Pods-LoginTesting/Pods-LoginTesting-frameworks.sh\"\n";
			showEnvVarsInLog = 0;
		};
/* End PBXShellScriptBuildPhase section */

/* Begin PBXSourcesBuildPhase section */
		FCFADB0D238C4AF0009F5FC8 /* Sources */ = {
			isa = PBXSourcesBuildPhase;
			buildActionMask = 2147483647;
			files = (
				FCFADB19238C4AF0009F5FC8 /* ViewController.swift in Sources */,
				FCFADB15238C4AF0009F5FC8 /* AppDelegate.swift in Sources */,
				FCFADB17238C4AF0009F5FC8 /* SceneDelegate.swift in Sources */,
				FCFADB29238C6745009F5FC8 /* MainViewController.swift in Sources */,
			);
			runOnlyForDeploymentPostprocessing = 0;
		};
/* End PBXSourcesBuildPhase section */

/* Begin PBXVariantGroup section */
		FCFADB1A238C4AF0009F5FC8 /* Main.storyboard */ = {
			isa = PBXVariantGroup;
			children = (
				FCFADB1B238C4AF0009F5FC8 /* Base */,
			);
			name = Main.storyboard;
			sourceTree = "<group>";
		};
		FCFADB1F238C4AFA009F5FC8 /* LaunchScreen.storyboard */ = {
			isa = PBXVariantGroup;
			children = (
				FCFADB20238C4AFA009F5FC8 /* Base */,
			);
			name = LaunchScreen.storyboard;
			sourceTree = "<group>";
		};
/* End PBXVariantGroup section */

/* Begin XCBuildConfiguration section */
		FCFADB23238C4AFA009F5FC8 /* Debug */ = {
			isa = XCBuildConfiguration;
			buildSettings = {
				ALWAYS_SEARCH_USER_PATHS = NO;
				CLANG_ANALYZER_NONNULL = YES;
				CLANG_ANALYZER_NUMBER_OBJECT_CONVERSION = YES_AGGRESSIVE;
				CLANG_CXX_LANGUAGE_STANDARD = "gnu++14";
				CLANG_CXX_LIBRARY = "libc++";
				CLANG_ENABLE_MODULES = YES;
				CLANG_ENABLE_OBJC_ARC = YES;
				CLANG_ENABLE_OBJC_WEAK = YES;
				CLANG_WARN_BLOCK_CAPTURE_AUTORELEASING = YES;
				CLANG_WARN_BOOL_CONVERSION = YES;
				CLANG_WARN_COMMA = YES;
				CLANG_WARN_CONSTANT_CONVERSION = YES;
				CLANG_WARN_DEPRECATED_OBJC_IMPLEMENTATIONS = YES;
				CLANG_WARN_DIRECT_OBJC_ISA_USAGE = YES_ERROR;
				CLANG_WARN_DOCUMENTATION_COMMENTS = YES;
				CLANG_WARN_EMPTY_BODY = YES;
				CLANG_WARN_ENUM_CONVERSION = YES;
				CLANG_WARN_INFINITE_RECURSION = YES;
				CLANG_WARN_INT_CONVERSION = YES;
				CLANG_WARN_NON_LITERAL_NULL_CONVERSION = YES;
				CLANG_WARN_OBJC_IMPLICIT_RETAIN_SELF = YES;
				CLANG_WARN_OBJC_LITERAL_CONVERSION = YES;
				CLANG_WARN_OBJC_ROOT_CLASS = YES_ERROR;
				CLANG_WARN_RANGE_LOOP_ANALYSIS = YES;
				CLANG_WARN_STRICT_PROTOTYPES = YES;
				CLANG_WARN_SUSPICIOUS_MOVE = YES;
				CLANG_WARN_UNGUARDED_AVAILABILITY = YES_AGGRESSIVE;
				CLANG_WARN_UNREACHABLE_CODE = YES;
				CLANG_WARN__DUPLICATE_METHOD_MATCH = YES;
				COPY_PHASE_STRIP = NO;
				DEBUG_INFORMATION_FORMAT = dwarf;
				ENABLE_STRICT_OBJC_MSGSEND = YES;
				ENABLE_TESTABILITY = YES;
				GCC_C_LANGUAGE_STANDARD = gnu11;
				GCC_DYNAMIC_NO_PIC = NO;
				GCC_NO_COMMON_BLOCKS = YES;
				GCC_OPTIMIZATION_LEVEL = 0;
				GCC_PREPROCESSOR_DEFINITIONS = (
					"DEBUG=1",
					"$(inherited)",
				);
				GCC_WARN_64_TO_32_BIT_CONVERSION = YES;
				GCC_WARN_ABOUT_RETURN_TYPE = YES_ERROR;
				GCC_WARN_UNDECLARED_SELECTOR = YES;
				GCC_WARN_UNINITIALIZED_AUTOS = YES_AGGRESSIVE;
				GCC_WARN_UNUSED_FUNCTION = YES;
				GCC_WARN_UNUSED_VARIABLE = YES;
				IPHONEOS_DEPLOYMENT_TARGET = 13.2;
				MTL_ENABLE_DEBUG_INFO = INCLUDE_SOURCE;
				MTL_FAST_MATH = YES;
				ONLY_ACTIVE_ARCH = YES;
				SDKROOT = iphoneos;
				SWIFT_ACTIVE_COMPILATION_CONDITIONS = DEBUG;
				SWIFT_OPTIMIZATION_LEVEL = "-Onone";
			};
			name = Debug;
		};
		FCFADB24238C4AFA009F5FC8 /* Release */ = {
			isa = XCBuildConfiguration;
			buildSettings = {
				ALWAYS_SEARCH_USER_PATHS = NO;
				CLANG_ANALYZER_NONNULL = YES;
				CLANG_ANALYZER_NUMBER_OBJECT_CONVERSION = YES_AGGRESSIVE;
				CLANG_CXX_LANGUAGE_STANDARD = "gnu++14";
				CLANG_CXX_LIBRARY = "libc++";
				CLANG_ENABLE_MODULES = YES;
				CLANG_ENABLE_OBJC_ARC = YES;
				CLANG_ENABLE_OBJC_WEAK = YES;
				CLANG_WARN_BLOCK_CAPTURE_AUTORELEASING = YES;
				CLANG_WARN_BOOL_CONVERSION = YES;
				CLANG_WARN_COMMA = YES;
				CLANG_WARN_CONSTANT_CONVERSION = YES;
				CLANG_WARN_DEPRECATED_OBJC_IMPLEMENTATIONS = YES;
				CLANG_WARN_DIRECT_OBJC_ISA_USAGE = YES_ERROR;
				CLANG_WARN_DOCUMENTATION_COMMENTS = YES;
				CLANG_WARN_EMPTY_BODY = YES;
				CLANG_WARN_ENUM_CONVERSION = YES;
				CLANG_WARN_INFINITE_RECURSION = YES;
				CLANG_WARN_INT_CONVERSION = YES;
				CLANG_WARN_NON_LITERAL_NULL_CONVERSION = YES;
				CLANG_WARN_OBJC_IMPLICIT_RETAIN_SELF = YES;
				CLANG_WARN_OBJC_LITERAL_CONVERSION = YES;
				CLANG_WARN_OBJC_ROOT_CLASS = YES_ERROR;
				CLANG_WARN_RANGE_LOOP_ANALYSIS = YES;
				CLANG_WARN_STRICT_PROTOTYPES = YES;
				CLANG_WARN_SUSPICIOUS_MOVE = YES;
				CLANG_WARN_UNGUARDED_AVAILABILITY = YES_AGGRESSIVE;
				CLANG_WARN_UNREACHABLE_CODE = YES;
				CLANG_WARN__DUPLICATE_METHOD_MATCH = YES;
				COPY_PHASE_STRIP = NO;
				DEBUG_INFORMATION_FORMAT = "dwarf-with-dsym";
				ENABLE_NS_ASSERTIONS = NO;
				ENABLE_STRICT_OBJC_MSGSEND = YES;
				GCC_C_LANGUAGE_STANDARD = gnu11;
				GCC_NO_COMMON_BLOCKS = YES;
				GCC_WARN_64_TO_32_BIT_CONVERSION = YES;
				GCC_WARN_ABOUT_RETURN_TYPE = YES_ERROR;
				GCC_WARN_UNDECLARED_SELECTOR = YES;
				GCC_WARN_UNINITIALIZED_AUTOS = YES_AGGRESSIVE;
				GCC_WARN_UNUSED_FUNCTION = YES;
				GCC_WARN_UNUSED_VARIABLE = YES;
				IPHONEOS_DEPLOYMENT_TARGET = 13.2;
				MTL_ENABLE_DEBUG_INFO = NO;
				MTL_FAST_MATH = YES;
				SDKROOT = iphoneos;
				SWIFT_COMPILATION_MODE = wholemodule;
				SWIFT_OPTIMIZATION_LEVEL = "-O";
				VALIDATE_PRODUCT = YES;
			};
			name = Release;
		};
		FCFADB26238C4AFA009F5FC8 /* Debug */ = {
			isa = XCBuildConfiguration;
			baseConfigurationReference = 991B05D06743A0B92AEA6FD9 /* Pods-LoginTesting.debug.xcconfig */;
			buildSettings = {
				ASSETCATALOG_COMPILER_APPICON_NAME = AppIcon;
				CODE_SIGN_STYLE = Automatic;
				DEVELOPMENT_TEAM = S7J2AQ3ASG;
				INFOPLIST_FILE = LoginTesting/Info.plist;
				LD_RUNPATH_SEARCH_PATHS = (
					"$(inherited)",
					"@executable_path/Frameworks",
				);
				PRODUCT_BUNDLE_IDENTIFIER = developerden.LoginTesting;
				PRODUCT_NAME = "$(TARGET_NAME)";
				SWIFT_VERSION = 5.0;
				TARGETED_DEVICE_FAMILY = "1,2";
			};
			name = Debug;
		};
		FCFADB27238C4AFA009F5FC8 /* Release */ = {
			isa = XCBuildConfiguration;
			baseConfigurationReference = F803441E1ADAF72BE19B40C9 /* Pods-LoginTesting.release.xcconfig */;
			buildSettings = {
				ASSETCATALOG_COMPILER_APPICON_NAME = AppIcon;
				CODE_SIGN_STYLE = Automatic;
				DEVELOPMENT_TEAM = S7J2AQ3ASG;
				INFOPLIST_FILE = LoginTesting/Info.plist;
				LD_RUNPATH_SEARCH_PATHS = (
					"$(inherited)",
					"@executable_path/Frameworks",
				);
				PRODUCT_BUNDLE_IDENTIFIER = developerden.LoginTesting;
				PRODUCT_NAME = "$(TARGET_NAME)";
				SWIFT_VERSION = 5.0;
				TARGETED_DEVICE_FAMILY = "1,2";
			};
			name = Release;
		};
/* End XCBuildConfiguration section */

/* Begin XCConfigurationList section */
		FCFADB0C238C4AF0009F5FC8 /* Build configuration list for PBXProject "LoginTesting" */ = {
			isa = XCConfigurationList;
			buildConfigurations = (
				FCFADB23238C4AFA009F5FC8 /* Debug */,
				FCFADB24238C4AFA009F5FC8 /* Release */,
			);
			defaultConfigurationIsVisible = 0;
			defaultConfigurationName = Release;
		};
		FCFADB25238C4AFA009F5FC8 /* Build configuration list for PBXNativeTarget "LoginTesting" */ = {
			isa = XCConfigurationList;
			buildConfigurations = (
				FCFADB26238C4AFA009F5FC8 /* Debug */,
				FCFADB27238C4AFA009F5FC8 /* Release */,
			);
			defaultConfigurationIsVisible = 0;
			defaultConfigurationName = Release;
		};
/* End XCConfigurationList section */
	};
	rootObject = FCFADB09238C4AF0009F5FC8 /* Project object */;
}
